
Microsoft Visual Studio Solution File, Format Version 12.00
# Visual Studio Version 17
VisualStudioVersion = 17.5.33502.453
MinimumVisualStudioVersion = 10.0.40219.1
Project("{2150E333-8FDC-42A3-9474-1A3956D46DE8}") = "Internal", "Internal", "{7E3D119D-C58B-49BB-96F3-5AC3304925F7}"
	ProjectSection(SolutionItems) = preProject
		Internal\.editorconfig = Internal\.editorconfig
	EndProjectSection
EndProject
Project("{2150E333-8FDC-42A3-9474-1A3956D46DE8}") = "Scripts", "Scripts", "{D1573F1F-7446-4B8B-844F-7CA33C01F696}"
EndProject
Project("{2150E333-8FDC-42A3-9474-1A3956D46DE8}") = "Dlls", "Dlls", "{A6799027-F06E-4B10-991E-612ECCD18698}"
	ProjectSection(SolutionItems) = preProject
		Dlls\ABOUT.md = Dlls\ABOUT.md
	EndProjectSection
EndProject
Project("{2150E333-8FDC-42A3-9474-1A3956D46DE8}") = "CompanionFiles", "CompanionFiles", "{A6ECCBAD-676D-413B-9EC1-57E1EAD16E4E}"
EndProject
Project("{2150E333-8FDC-42A3-9474-1A3956D46DE8}") = "Skyline DataMiner", "Skyline DataMiner", "{4872AD34-B307-49C0-BEB6-0F52A55EC479}"
	ProjectSection(SolutionItems) = preProject
		CompanionFiles\Skyline DataMiner\AboutThisFolder.md = CompanionFiles\Skyline DataMiner\AboutThisFolder.md
	EndProjectSection
EndProject
Project("{2150E333-8FDC-42A3-9474-1A3956D46DE8}") = "Documentation", "Documentation", "{3711AE64-D23C-49B4-9CC5-39126CB7C0E7}"
	ProjectSection(SolutionItems) = preProject
		Documentation\ABOUT.md = Documentation\ABOUT.md
		README.md = README.md
	EndProjectSection
EndProject
Project("{2150E333-8FDC-42A3-9474-1A3956D46DE8}") = "Tests", "Tests", "{F8938D60-51A0-4880-9CFC-19C66379BB5D}"
EndProject
Project("{2150E333-8FDC-42A3-9474-1A3956D46DE8}") = "Code Analysis", "Code Analysis", "{A69709A8-CB7A-444F-B880-EB26BB138FA7}"
	ProjectSection(SolutionItems) = preProject
		Internal\Code Analysis\qaction-debug.ruleset = Internal\Code Analysis\qaction-debug.ruleset
		Internal\Code Analysis\qaction-release.ruleset = Internal\Code Analysis\qaction-release.ruleset
		Internal\Code Analysis\stylecop.json = Internal\Code Analysis\stylecop.json
	EndProjectSection
EndProject
Project("{2150E333-8FDC-42A3-9474-1A3956D46DE8}") = "EmpowerDubaiProject", "EmpowerDubaiProject", "{11C6D058-46E4-4D23-A672-630C1F27DD42}"
	ProjectSection(SolutionItems) = preProject
		EmpowerDubaiProject.xml = EmpowerDubaiProject.xml
	EndProjectSection
EndProject
Project("{2150E333-8FDC-42A3-9474-1A3956D46DE8}") = "Actions", "Actions", "{8F326244-4990-4B07-9C5B-3436535AFF69}"
EndProject
Project("{9A19103F-16F7-4668-BE54-9A1E7A4F7556}") = "EmpowerDubaiProject_1", "EmpowerDubaiProject_1\EmpowerDubaiProject_1.csproj", "{80D40EA9-4FC6-4F84-A6C6-FB8D420E3D9D}"
EndProject
Global
	GlobalSection(SolutionConfigurationPlatforms) = preSolution
		Debug|Any CPU = Debug|Any CPU
		Release|Any CPU = Release|Any CPU
	EndGlobalSection
	GlobalSection(ProjectConfigurationPlatforms) = postSolution
		{80D40EA9-4FC6-4F84-A6C6-FB8D420E3D9D}.Debug|Any CPU.ActiveCfg = Debug|Any CPU
		{80D40EA9-4FC6-4F84-A6C6-FB8D420E3D9D}.Debug|Any CPU.Build.0 = Debug|Any CPU
		{80D40EA9-4FC6-4F84-A6C6-FB8D420E3D9D}.Release|Any CPU.ActiveCfg = Release|Any CPU
		{80D40EA9-4FC6-4F84-A6C6-FB8D420E3D9D}.Release|Any CPU.Build.0 = Release|Any CPU
	EndGlobalSection
	GlobalSection(SolutionProperties) = preSolution
		HideSolutionNode = FALSE
	EndGlobalSection
	GlobalSection(NestedProjects) = preSolution
		{4872AD34-B307-49C0-BEB6-0F52A55EC479} = {A6ECCBAD-676D-413B-9EC1-57E1EAD16E4E}
		{A69709A8-CB7A-444F-B880-EB26BB138FA7} = {7E3D119D-C58B-49BB-96F3-5AC3304925F7}
		{11C6D058-46E4-4D23-A672-630C1F27DD42} = {D1573F1F-7446-4B8B-844F-7CA33C01F696}
		{8F326244-4990-4B07-9C5B-3436535AFF69} = {11C6D058-46E4-4D23-A672-630C1F27DD42}
		{80D40EA9-4FC6-4F84-A6C6-FB8D420E3D9D} = {8F326244-4990-4B07-9C5B-3436535AFF69}
	EndGlobalSection
	GlobalSection(ExtensibilityGlobals) = postSolution
		SolutionGuid = {726C6922-7620-4159-ACC1-D6E3EAAE7240}
	EndGlobalSection
EndGlobal
